
Microsoft Visual Studio Solution File, Format Version 12.00
# Visual Studio Version 17
VisualStudioVersion = 17.12.35527.113 d17.12
MinimumVisualStudioVersion = 10.0.40219.1
Project("{FAE04EC0-301F-11D3-BF4B-00C04F79EFBC}") = "Bookstore.Client", "Bookstore.Client\Bookstore.Client.csproj", "{0F06F95D-9288-4FEC-BDA2-89DB249ED109}"
EndProject
Project("{FAE04EC0-301F-11D3-BF4B-00C04F79EFBC}") = "Bookstore.API", "Bookstore.API\Bookstore.API.csproj", "{12D0275C-A2DF-41D0-8CC0-B10E449DF257}"
EndProject
Global
	GlobalSection(SolutionConfigurationPlatforms) = preSolution
		Debug|Any CPU = Debug|Any CPU
		Release|Any CPU = Release|Any CPU
	EndGlobalSection
	GlobalSection(ProjectConfigurationPlatforms) = postSolution
		{0F06F95D-9288-4FEC-BDA2-89DB249ED109}.Debug|Any CPU.ActiveCfg = Debug|Any CPU
		{0F06F95D-9288-4FEC-BDA2-89DB249ED109}.Debug|Any CPU.Build.0 = Debug|Any CPU
		{0F06F95D-9288-4FEC-BDA2-89DB249ED109}.Release|Any CPU.ActiveCfg = Release|Any CPU
		{0F06F95D-9288-4FEC-BDA2-89DB249ED109}.Release|Any CPU.Build.0 = Release|Any CPU
		{12D0275C-A2DF-41D0-8CC0-B10E449DF257}.Debug|Any CPU.ActiveCfg = Debug|Any CPU
		{12D0275C-A2DF-41D0-8CC0-B10E449DF257}.Debug|Any CPU.Build.0 = Debug|Any CPU
		{12D0275C-A2DF-41D0-8CC0-B10E449DF257}.Release|Any CPU.ActiveCfg = Release|Any CPU
		{12D0275C-A2DF-41D0-8CC0-B10E449DF257}.Release|Any CPU.Build.0 = Release|Any CPU
	EndGlobalSection
	GlobalSection(SolutionProperties) = preSolution
		HideSolutionNode = FALSE
	EndGlobalSection
EndGlobal
